
Microsoft Visual Studio Solution File, Format Version 12.00
# Visual Studio Version 17
VisualStudioVersion = 17.6.33829.357
MinimumVisualStudioVersion = 10.0.40219.1
Project("{2150E333-8FDC-42A3-9474-1A3956D46DE8}") = "C++", "C++", "{66A2190B-CE33-46A1-9DDA-4259F0BC1A0A}"
EndProject
Project("{2150E333-8FDC-42A3-9474-1A3956D46DE8}") = "C#", "C#", "{33D7A02D-CDAB-4A2D-A2C3-0968FC6EE746}"
EndProject
Project("{2150E333-8FDC-42A3-9474-1A3956D46DE8}") = "Security", "Security", "{985CE175-4D93-4B4B-8220-943C917F4C63}"
EndProject
Project("{2150E333-8FDC-42A3-9474-1A3956D46DE8}") = "Base64", "Base64", "{8A161AAA-B40C-4CB5-B0EB-01F3018C7517}"
EndProject
Project("{8BC9CEB8-8B4A-11D0-8D11-00A0C91BC942}") = "Lib_Base64", "C++\Security\Base64\Lib_Base64\Lib_Base64.vcxproj", "{F2AEB91B-B327-431E-B943-709F0EBCAB4D}"
EndProject
Project("{2150E333-8FDC-42A3-9474-1A3956D46DE8}") = "Test", "Test", "{4D9DBCFC-5159-435D-B9B5-A06E5A8CB65F}"
EndProject
Project("{8BC9CEB8-8B4A-11D0-8D11-00A0C91BC942}") = "Security_Test", "C++\Test\Security_Test\Security_Test.vcxproj", "{68284222-E762-4FDF-AFBD-011561764531}"
EndProject
Project("{FAE04EC0-301F-11D3-BF4B-00C04F79EFBC}") = "Home.Tools", "C#\Home.Tools\Home.Tools.csproj", "{7FDAE3A8-08C3-498D-9A5C-DA6A8D397368}"
EndProject
Project("{FAE04EC0-301F-11D3-BF4B-00C04F79EFBC}") = "Home.Tools.Test", "C#\Test\Home.Tools.Test\Home.Tools.Test.csproj", "{E73EBC47-0AB5-4E01-AC7D-D56D5D344D4C}"
EndProject
Project("{2150E333-8FDC-42A3-9474-1A3956D46DE8}") = "Test", "Test", "{68517A5C-B266-4950-89DD-45689989DE1C}"
EndProject
Global
	GlobalSection(SolutionConfigurationPlatforms) = preSolution
		Debug|Any CPU = Debug|Any CPU
		Debug|x64 = Debug|x64
		Debug|x86 = Debug|x86
		Release|Any CPU = Release|Any CPU
		Release|x64 = Release|x64
		Release|x86 = Release|x86
	EndGlobalSection
	GlobalSection(ProjectConfigurationPlatforms) = postSolution
		{F2AEB91B-B327-431E-B943-709F0EBCAB4D}.Debug|Any CPU.ActiveCfg = Debug|x64
		{F2AEB91B-B327-431E-B943-709F0EBCAB4D}.Debug|Any CPU.Build.0 = Debug|x64
		{F2AEB91B-B327-431E-B943-709F0EBCAB4D}.Debug|x64.ActiveCfg = Debug|x64
		{F2AEB91B-B327-431E-B943-709F0EBCAB4D}.Debug|x64.Build.0 = Debug|x64
		{F2AEB91B-B327-431E-B943-709F0EBCAB4D}.Debug|x86.ActiveCfg = Debug|Win32
		{F2AEB91B-B327-431E-B943-709F0EBCAB4D}.Debug|x86.Build.0 = Debug|Win32
		{F2AEB91B-B327-431E-B943-709F0EBCAB4D}.Release|Any CPU.ActiveCfg = Release|x64
		{F2AEB91B-B327-431E-B943-709F0EBCAB4D}.Release|Any CPU.Build.0 = Release|x64
		{F2AEB91B-B327-431E-B943-709F0EBCAB4D}.Release|x64.ActiveCfg = Release|x64
		{F2AEB91B-B327-431E-B943-709F0EBCAB4D}.Release|x64.Build.0 = Release|x64
		{F2AEB91B-B327-431E-B943-709F0EBCAB4D}.Release|x86.ActiveCfg = Release|Win32
		{F2AEB91B-B327-431E-B943-709F0EBCAB4D}.Release|x86.Build.0 = Release|Win32
		{68284222-E762-4FDF-AFBD-011561764531}.Debug|Any CPU.ActiveCfg = Debug|x64
		{68284222-E762-4FDF-AFBD-011561764531}.Debug|Any CPU.Build.0 = Debug|x64
		{68284222-E762-4FDF-AFBD-011561764531}.Debug|x64.ActiveCfg = Debug|x64
		{68284222-E762-4FDF-AFBD-011561764531}.Debug|x64.Build.0 = Debug|x64
		{68284222-E762-4FDF-AFBD-011561764531}.Debug|x86.ActiveCfg = Debug|Win32
		{68284222-E762-4FDF-AFBD-011561764531}.Debug|x86.Build.0 = Debug|Win32
		{68284222-E762-4FDF-AFBD-011561764531}.Release|Any CPU.ActiveCfg = Release|x64
		{68284222-E762-4FDF-AFBD-011561764531}.Release|Any CPU.Build.0 = Release|x64
		{68284222-E762-4FDF-AFBD-011561764531}.Release|x64.ActiveCfg = Release|x64
		{68284222-E762-4FDF-AFBD-011561764531}.Release|x64.Build.0 = Release|x64
		{68284222-E762-4FDF-AFBD-011561764531}.Release|x86.ActiveCfg = Release|Win32
		{68284222-E762-4FDF-AFBD-011561764531}.Release|x86.Build.0 = Release|Win32
		{7FDAE3A8-08C3-498D-9A5C-DA6A8D397368}.Debug|Any CPU.ActiveCfg = Debug|Any CPU
		{7FDAE3A8-08C3-498D-9A5C-DA6A8D397368}.Debug|Any CPU.Build.0 = Debug|Any CPU
		{7FDAE3A8-08C3-498D-9A5C-DA6A8D397368}.Debug|x64.ActiveCfg = Debug|Any CPU
		{7FDAE3A8-08C3-498D-9A5C-DA6A8D397368}.Debug|x64.Build.0 = Debug|Any CPU
		{7FDAE3A8-08C3-498D-9A5C-DA6A8D397368}.Debug|x86.ActiveCfg = Debug|Any CPU
		{7FDAE3A8-08C3-498D-9A5C-DA6A8D397368}.Debug|x86.Build.0 = Debug|Any CPU
		{7FDAE3A8-08C3-498D-9A5C-DA6A8D397368}.Release|Any CPU.ActiveCfg = Release|Any CPU
		{7FDAE3A8-08C3-498D-9A5C-DA6A8D397368}.Release|Any CPU.Build.0 = Release|Any CPU
		{7FDAE3A8-08C3-498D-9A5C-DA6A8D397368}.Release|x64.ActiveCfg = Release|Any CPU
		{7FDAE3A8-08C3-498D-9A5C-DA6A8D397368}.Release|x64.Build.0 = Release|Any CPU
		{7FDAE3A8-08C3-498D-9A5C-DA6A8D397368}.Release|x86.ActiveCfg = Release|Any CPU
		{7FDAE3A8-08C3-498D-9A5C-DA6A8D397368}.Release|x86.Build.0 = Release|Any CPU
		{E73EBC47-0AB5-4E01-AC7D-D56D5D344D4C}.Debug|Any CPU.ActiveCfg = Debug|Any CPU
		{E73EBC47-0AB5-4E01-AC7D-D56D5D344D4C}.Debug|Any CPU.Build.0 = Debug|Any CPU
		{E73EBC47-0AB5-4E01-AC7D-D56D5D344D4C}.Debug|x64.ActiveCfg = Debug|Any CPU
		{E73EBC47-0AB5-4E01-AC7D-D56D5D344D4C}.Debug|x64.Build.0 = Debug|Any CPU
		{E73EBC47-0AB5-4E01-AC7D-D56D5D344D4C}.Debug|x86.ActiveCfg = Debug|Any CPU
		{E73EBC47-0AB5-4E01-AC7D-D56D5D344D4C}.Debug|x86.Build.0 = Debug|Any CPU
		{E73EBC47-0AB5-4E01-AC7D-D56D5D344D4C}.Release|Any CPU.ActiveCfg = Release|Any CPU
		{E73EBC47-0AB5-4E01-AC7D-D56D5D344D4C}.Release|Any CPU.Build.0 = Release|Any CPU
		{E73EBC47-0AB5-4E01-AC7D-D56D5D344D4C}.Release|x64.ActiveCfg = Release|Any CPU
		{E73EBC47-0AB5-4E01-AC7D-D56D5D344D4C}.Release|x64.Build.0 = Release|Any CPU
		{E73EBC47-0AB5-4E01-AC7D-D56D5D344D4C}.Release|x86.ActiveCfg = Release|Any CPU
		{E73EBC47-0AB5-4E01-AC7D-D56D5D344D4C}.Release|x86.Build.0 = Release|Any CPU
	EndGlobalSection
	GlobalSection(SolutionProperties) = preSolution
		HideSolutionNode = FALSE
	EndGlobalSection
	GlobalSection(NestedProjects) = preSolution
		{985CE175-4D93-4B4B-8220-943C917F4C63} = {66A2190B-CE33-46A1-9DDA-4259F0BC1A0A}
		{8A161AAA-B40C-4CB5-B0EB-01F3018C7517} = {985CE175-4D93-4B4B-8220-943C917F4C63}
		{F2AEB91B-B327-431E-B943-709F0EBCAB4D} = {8A161AAA-B40C-4CB5-B0EB-01F3018C7517}
		{4D9DBCFC-5159-435D-B9B5-A06E5A8CB65F} = {66A2190B-CE33-46A1-9DDA-4259F0BC1A0A}
		{68284222-E762-4FDF-AFBD-011561764531} = {4D9DBCFC-5159-435D-B9B5-A06E5A8CB65F}
		{7FDAE3A8-08C3-498D-9A5C-DA6A8D397368} = {33D7A02D-CDAB-4A2D-A2C3-0968FC6EE746}
		{E73EBC47-0AB5-4E01-AC7D-D56D5D344D4C} = {68517A5C-B266-4950-89DD-45689989DE1C}
		{68517A5C-B266-4950-89DD-45689989DE1C} = {33D7A02D-CDAB-4A2D-A2C3-0968FC6EE746}
	EndGlobalSection
	GlobalSection(ExtensibilityGlobals) = postSolution
		SolutionGuid = {5BF1D788-AD0C-4E6D-B669-0A3B4A08BEE4}
	EndGlobalSection
EndGlobal
